<?xml version="1.0" encoding="UTF-8" standalone="yes" ?>
<CodeBlocks_project_file>
	<FileVersion major="1" minor="6" />
	<Project>
		<Option title="RubiksCube" />
		<Option pch_mode="2" />
		<Option compiler="gcc" />
		<Build>
			<Target title="Debug">
				<Option output="bin/Debug/RubiksCube" prefix_auto="1" extension_auto="1" />
				<Option object_output="obj/Debug/" />
				<Option type="1" />
				<Option compiler="gcc" />
				<Compiler>
					<Add option="-std=c++11" />
					<Add option="-g" />
					<Add directory="include" />
				</Compiler>
				<Linker>
					<Add option="-lglui32" />
					<Add option="-lglut32" />
					<Add option="-lmingw32" />
					<Add option="-lSDLMain" />
					<Add option="-lSDL" />
					<Add option="-lopengl32" />
					<Add option="-lglu32" />
				</Linker>
			</Target>
			<Target title="Release">
				<Option output="bin/Release/RubiksCube" prefix_auto="1" extension_auto="1" />
				<Option object_output="obj/Release/" />
				<Option type="1" />
				<Option compiler="gcc" />
				<Compiler>
					<Add option="-O2" />
					<Add directory="include" />
				</Compiler>
				<Linker>
					<Add option="-s" />
				</Linker>
			</Target>
		</Build>
		<Compiler>
			<Add option="-Wall" />
		</Compiler>
		<Linker>
			<Add option="-lmingw32 -lSDLMain -lSDL -lopengl32 -lglu32" />
			<Add directory="C:/mingw_dev_lib/lib" />
			<Add directory="C:/mingw_dev_lib/freeglut/lib" />
		</Linker>
		<Unit filename="MainApp.cpp" />
		<Unit filename="appEvent.cpp" />
		<Unit filename="bufferData.cpp" />
		<Unit filename="cubeDisplay.cpp" />
		<Unit filename="cubeMoves.cpp" />
		<Unit filename="include/CubeScrambler.h" />
		<Unit filename="include/MySolver.h" />
		<Unit filename="include/Permutation.h" />
		<Unit filename="include/RubikCube.h" />
		<Unit filename="include/RubikCubeSolver.h" />
		<Unit filename="include/SDLDrawer.h" />
		<Unit filename="src/CubeScrambler.cpp" />
		<Unit filename="src/MySolver.cpp" />
		<Unit filename="src/Permutation.cpp" />
		<Unit filename="src/RubikCube.cpp" />
		<Unit filename="src/RubikCubeSolver.cpp" />
		<Unit filename="src/SDLDrawer.cpp" />
		<Extensions>
			<code_completion />
			<envvars />
			<debugger />
			<lib_finder disable_auto="1" />
		</Extensions>
	</Project>
</CodeBlocks_project_file>
